
Microsoft Visual Studio Solution File, Format Version 12.00
# Visual Studio Version 16
VisualStudioVersion = 16.0.30503.244
MinimumVisualStudioVersion = 10.0.40219.1
Project("{FAE04EC0-301F-11D3-BF4B-00C04F79EFBC}") = "IndoorPositionApp.Android", "IndoorPositionApp.Android\IndoorPositionApp.Android.csproj", "{B1D17431-BA2F-48B4-9C91-DDC18F233F25}"
EndProject
Project("{FAE04EC0-301F-11D3-BF4B-00C04F79EFBC}") = "IndoorPositionApp.iOS", "IndoorPositionApp.iOS\IndoorPositionApp.iOS.csproj", "{682B5D52-1367-48FD-948E-B5A92D05590C}"
EndProject
Project("{FAE04EC0-301F-11D3-BF4B-00C04F79EFBC}") = "IndoorPositionApp", "IndoorPositionApp\IndoorPositionApp.csproj", "{D4FAF162-E093-43FD-817F-C161617FA446}"
EndProject
Global
	GlobalSection(SolutionConfigurationPlatforms) = preSolution
		Debug|Any CPU = Debug|Any CPU
		Debug|iPhone = Debug|iPhone
		Debug|iPhoneSimulator = Debug|iPhoneSimulator
		Release|Any CPU = Release|Any CPU
		Release|iPhone = Release|iPhone
		Release|iPhoneSimulator = Release|iPhoneSimulator
	EndGlobalSection
	GlobalSection(ProjectConfigurationPlatforms) = postSolution
		{B1D17431-BA2F-48B4-9C91-DDC18F233F25}.Debug|Any CPU.ActiveCfg = Debug|Any CPU
		{B1D17431-BA2F-48B4-9C91-DDC18F233F25}.Debug|Any CPU.Build.0 = Debug|Any CPU
		{B1D17431-BA2F-48B4-9C91-DDC18F233F25}.Debug|Any CPU.Deploy.0 = Debug|Any CPU
		{B1D17431-BA2F-48B4-9C91-DDC18F233F25}.Debug|iPhone.ActiveCfg = Debug|Any CPU
		{B1D17431-BA2F-48B4-9C91-DDC18F233F25}.Debug|iPhone.Build.0 = Debug|Any CPU
		{B1D17431-BA2F-48B4-9C91-DDC18F233F25}.Debug|iPhone.Deploy.0 = Debug|Any CPU
		{B1D17431-BA2F-48B4-9C91-DDC18F233F25}.Debug|iPhoneSimulator.ActiveCfg = Debug|Any CPU
		{B1D17431-BA2F-48B4-9C91-DDC18F233F25}.Debug|iPhoneSimulator.Build.0 = Debug|Any CPU
		{B1D17431-BA2F-48B4-9C91-DDC18F233F25}.Debug|iPhoneSimulator.Deploy.0 = Debug|Any CPU
		{B1D17431-BA2F-48B4-9C91-DDC18F233F25}.Release|Any CPU.ActiveCfg = Release|Any CPU
		{B1D17431-BA2F-48B4-9C91-DDC18F233F25}.Release|Any CPU.Build.0 = Release|Any CPU
		{B1D17431-BA2F-48B4-9C91-DDC18F233F25}.Release|Any CPU.Deploy.0 = Release|Any CPU
		{B1D17431-BA2F-48B4-9C91-DDC18F233F25}.Release|iPhone.ActiveCfg = Release|Any CPU
		{B1D17431-BA2F-48B4-9C91-DDC18F233F25}.Release|iPhone.Build.0 = Release|Any CPU
		{B1D17431-BA2F-48B4-9C91-DDC18F233F25}.Release|iPhone.Deploy.0 = Release|Any CPU
		{B1D17431-BA2F-48B4-9C91-DDC18F233F25}.Release|iPhoneSimulator.ActiveCfg = Release|Any CPU
		{B1D17431-BA2F-48B4-9C91-DDC18F233F25}.Release|iPhoneSimulator.Build.0 = Release|Any CPU
		{B1D17431-BA2F-48B4-9C91-DDC18F233F25}.Release|iPhoneSimulator.Deploy.0 = Release|Any CPU
		{682B5D52-1367-48FD-948E-B5A92D05590C}.Debug|Any CPU.ActiveCfg = Debug|iPhone
		{682B5D52-1367-48FD-948E-B5A92D05590C}.Debug|Any CPU.Build.0 = Debug|iPhone
		{682B5D52-1367-48FD-948E-B5A92D05590C}.Debug|Any CPU.Deploy.0 = Debug|iPhone
		{682B5D52-1367-48FD-948E-B5A92D05590C}.Debug|iPhone.ActiveCfg = Debug|iPhone
		{682B5D52-1367-48FD-948E-B5A92D05590C}.Debug|iPhone.Build.0 = Debug|iPhone
		{682B5D52-1367-48FD-948E-B5A92D05590C}.Debug|iPhone.Deploy.0 = Debug|iPhone
		{682B5D52-1367-48FD-948E-B5A92D05590C}.Debug|iPhoneSimulator.ActiveCfg = Debug|iPhoneSimulator
		{682B5D52-1367-48FD-948E-B5A92D05590C}.Debug|iPhoneSimulator.Build.0 = Debug|iPhoneSimulator
		{682B5D52-1367-48FD-948E-B5A92D05590C}.Debug|iPhoneSimulator.Deploy.0 = Debug|iPhoneSimulator
		{682B5D52-1367-48FD-948E-B5A92D05590C}.Release|Any CPU.ActiveCfg = Release|iPhoneSimulator
		{682B5D52-1367-48FD-948E-B5A92D05590C}.Release|Any CPU.Build.0 = Release|iPhoneSimulator
		{682B5D52-1367-48FD-948E-B5A92D05590C}.Release|Any CPU.Deploy.0 = Release|iPhoneSimulator
		{682B5D52-1367-48FD-948E-B5A92D05590C}.Release|iPhone.ActiveCfg = Release|iPhone
		{682B5D52-1367-48FD-948E-B5A92D05590C}.Release|iPhone.Build.0 = Release|iPhone
		{682B5D52-1367-48FD-948E-B5A92D05590C}.Release|iPhone.Deploy.0 = Release|iPhone
		{682B5D52-1367-48FD-948E-B5A92D05590C}.Release|iPhoneSimulator.ActiveCfg = Release|iPhoneSimulator
		{682B5D52-1367-48FD-948E-B5A92D05590C}.Release|iPhoneSimulator.Build.0 = Release|iPhoneSimulator
		{682B5D52-1367-48FD-948E-B5A92D05590C}.Release|iPhoneSimulator.Deploy.0 = Release|iPhoneSimulator
		{D4FAF162-E093-43FD-817F-C161617FA446}.Debug|Any CPU.ActiveCfg = Debug|Any CPU
		{D4FAF162-E093-43FD-817F-C161617FA446}.Debug|Any CPU.Build.0 = Debug|Any CPU
		{D4FAF162-E093-43FD-817F-C161617FA446}.Debug|Any CPU.Deploy.0 = Debug|Any CPU
		{D4FAF162-E093-43FD-817F-C161617FA446}.Debug|iPhone.ActiveCfg = Debug|Any CPU
		{D4FAF162-E093-43FD-817F-C161617FA446}.Debug|iPhone.Build.0 = Debug|Any CPU
		{D4FAF162-E093-43FD-817F-C161617FA446}.Debug|iPhone.Deploy.0 = Debug|Any CPU
		{D4FAF162-E093-43FD-817F-C161617FA446}.Debug|iPhoneSimulator.ActiveCfg = Debug|Any CPU
		{D4FAF162-E093-43FD-817F-C161617FA446}.Debug|iPhoneSimulator.Build.0 = Debug|Any CPU
		{D4FAF162-E093-43FD-817F-C161617FA446}.Debug|iPhoneSimulator.Deploy.0 = Debug|Any CPU
		{D4FAF162-E093-43FD-817F-C161617FA446}.Release|Any CPU.ActiveCfg = Release|Any CPU
		{D4FAF162-E093-43FD-817F-C161617FA446}.Release|Any CPU.Build.0 = Release|Any CPU
		{D4FAF162-E093-43FD-817F-C161617FA446}.Release|Any CPU.Deploy.0 = Release|Any CPU
		{D4FAF162-E093-43FD-817F-C161617FA446}.Release|iPhone.ActiveCfg = Release|Any CPU
		{D4FAF162-E093-43FD-817F-C161617FA446}.Release|iPhone.Build.0 = Release|Any CPU
		{D4FAF162-E093-43FD-817F-C161617FA446}.Release|iPhone.Deploy.0 = Release|Any CPU
		{D4FAF162-E093-43FD-817F-C161617FA446}.Release|iPhoneSimulator.ActiveCfg = Release|Any CPU
		{D4FAF162-E093-43FD-817F-C161617FA446}.Release|iPhoneSimulator.Build.0 = Release|Any CPU
		{D4FAF162-E093-43FD-817F-C161617FA446}.Release|iPhoneSimulator.Deploy.0 = Release|Any CPU
	EndGlobalSection
	GlobalSection(SolutionProperties) = preSolution
		HideSolutionNode = FALSE
	EndGlobalSection
	GlobalSection(ExtensibilityGlobals) = postSolution
		SolutionGuid = {30CA5EB7-9EC2-4C8F-BB91-79686081E279}
	EndGlobalSection
EndGlobal
